// !$*UTF8*$!
{
	archiveVersion = 1;
	classes = {
	};
	objectVersion = 48;
	objects = {

/* Begin PBXBuildFile section */
		5200C5A41FA104AA0013694B /* Media.xcassets in Resources */ = {isa = PBXBuildFile; fileRef = 5200C5A31FA104AA0013694B /* Media.xcassets */; };
		5200C5A61FA135DF0013694B /* PlaylistCreatorController.swift in Sources */ = {isa = PBXBuildFile; fileRef = 5200C5A51FA135DF0013694B /* PlaylistCreatorController.swift */; };
		5200C5AA1FA13D320013694B /* PlaylistItem.swift in Sources */ = {isa = PBXBuildFile; fileRef = 5200C5A91FA13D320013694B /* PlaylistItem.swift */; };
		5200C5AC1FA13FA20013694B /* Playlist.swift in Sources */ = {isa = PBXBuildFile; fileRef = 5200C5AB1FA13FA20013694B /* Playlist.swift */; };
		5200C5AE1FA14AD10013694B /* PlaylistViewController.swift in Sources */ = {isa = PBXBuildFile; fileRef = 5200C5AD1FA14AD10013694B /* PlaylistViewController.swift */; };
		5200C5B01FA15AEA0013694B /* PlaylistSongViewController.swift in Sources */ = {isa = PBXBuildFile; fileRef = 5200C5AF1FA15AEA0013694B /* PlaylistSongViewController.swift */; };
		5245100F1F9CF043003DECC5 /* AppDelegate.swift in Sources */ = {isa = PBXBuildFile; fileRef = 5245100E1F9CF043003DECC5 /* AppDelegate.swift */; };
		524510111F9CF043003DECC5 /* ViewController.swift in Sources */ = {isa = PBXBuildFile; fileRef = 524510101F9CF043003DECC5 /* ViewController.swift */; };
		524510141F9CF043003DECC5 /* Main.storyboard in Resources */ = {isa = PBXBuildFile; fileRef = 524510121F9CF043003DECC5 /* Main.storyboard */; };
		524510191F9CF043003DECC5 /* LaunchScreen.storyboard in Resources */ = {isa = PBXBuildFile; fileRef = 524510171F9CF043003DECC5 /* LaunchScreen.storyboard */; };
		5245103C1F9D3D6B003DECC5 /* AlbumCell.swift in Sources */ = {isa = PBXBuildFile; fileRef = 5245103B1F9D3D6B003DECC5 /* AlbumCell.swift */; };
		5245103E1F9D55FC003DECC5 /* SongListController.swift in Sources */ = {isa = PBXBuildFile; fileRef = 5245103D1F9D55FC003DECC5 /* SongListController.swift */; };
		52F3A5C61F9FD9F700F7AB40 /* MainScreenViewController.swift in Sources */ = {isa = PBXBuildFile; fileRef = 52F3A5C51F9FD9F700F7AB40 /* MainScreenViewController.swift */; };
		52F7883A1FA2B3D60098AF35 /* PlaylistParser.swift in Sources */ = {isa = PBXBuildFile; fileRef = 52F788391FA2B3D60098AF35 /* PlaylistParser.swift */; };
		F6EB20B11F9F8E1E00755495 /* SongViewController.swift in Sources */ = {isa = PBXBuildFile; fileRef = F6EB20B01F9F8E1E00755495 /* SongViewController.swift */; };
/* End PBXBuildFile section */

/* Begin PBXFileReference section */
		5200C5A31FA104AA0013694B /* Media.xcassets */ = {isa = PBXFileReference; lastKnownFileType = folder.assetcatalog; path = Media.xcassets; sourceTree = "<group>"; };
		5200C5A51FA135DF0013694B /* PlaylistCreatorController.swift */ = {isa = PBXFileReference; lastKnownFileType = sourcecode.swift; path = PlaylistCreatorController.swift; sourceTree = "<group>"; };
		5200C5A91FA13D320013694B /* PlaylistItem.swift */ = {isa = PBXFileReference; lastKnownFileType = sourcecode.swift; path = PlaylistItem.swift; sourceTree = "<group>"; };
		5200C5AB1FA13FA20013694B /* Playlist.swift */ = {isa = PBXFileReference; lastKnownFileType = sourcecode.swift; path = Playlist.swift; sourceTree = "<group>"; };
		5200C5AD1FA14AD10013694B /* PlaylistViewController.swift */ = {isa = PBXFileReference; lastKnownFileType = sourcecode.swift; path = PlaylistViewController.swift; sourceTree = "<group>"; };
		5200C5AF1FA15AEA0013694B /* PlaylistSongViewController.swift */ = {isa = PBXFileReference; lastKnownFileType = sourcecode.swift; path = PlaylistSongViewController.swift; sourceTree = "<group>"; };
		5245100B1F9CF043003DECC5 /* JMPV1.app */ = {isa = PBXFileReference; explicitFileType = wrapper.application; includeInIndex = 0; path = JMPV1.app; sourceTree = BUILT_PRODUCTS_DIR; };
		5245100E1F9CF043003DECC5 /* AppDelegate.swift */ = {isa = PBXFileReference; lastKnownFileType = sourcecode.swift; path = AppDelegate.swift; sourceTree = "<group>"; };
		524510101F9CF043003DECC5 /* ViewController.swift */ = {isa = PBXFileReference; lastKnownFileType = sourcecode.swift; path = ViewController.swift; sourceTree = "<group>"; };
		524510131F9CF043003DECC5 /* Base */ = {isa = PBXFileReference; lastKnownFileType = file.storyboard; name = Base; path = Base.lproj/Main.storyboard; sourceTree = "<group>"; };
		524510181F9CF043003DECC5 /* Base */ = {isa = PBXFileReference; lastKnownFileType = file.storyboard; name = Base; path = Base.lproj/LaunchScreen.storyboard; sourceTree = "<group>"; };
		5245101A1F9CF043003DECC5 /* Info.plist */ = {isa = PBXFileReference; lastKnownFileType = text.plist.xml; path = Info.plist; sourceTree = "<group>"; };
		5245103B1F9D3D6B003DECC5 /* AlbumCell.swift */ = {isa = PBXFileReference; lastKnownFileType = sourcecode.swift; path = AlbumCell.swift; sourceTree = "<group>"; };
		5245103D1F9D55FC003DECC5 /* SongListController.swift */ = {isa = PBXFileReference; lastKnownFileType = sourcecode.swift; path = SongListController.swift; sourceTree = "<group>"; };
		52F3A5C51F9FD9F700F7AB40 /* MainScreenViewController.swift */ = {isa = PBXFileReference; lastKnownFileType = sourcecode.swift; path = MainScreenViewController.swift; sourceTree = "<group>"; };
		52F788391FA2B3D60098AF35 /* PlaylistParser.swift */ = {isa = PBXFileReference; lastKnownFileType = sourcecode.swift; path = PlaylistParser.swift; sourceTree = "<group>"; };
		F6EB20B01F9F8E1E00755495 /* SongViewController.swift */ = {isa = PBXFileReference; lastKnownFileType = sourcecode.swift; path = SongViewController.swift; sourceTree = "<group>"; };
/* End PBXFileReference section */

/* Begin PBXFrameworksBuildPhase section */
		524510081F9CF043003DECC5 /* Frameworks */ = {
			isa = PBXFrameworksBuildPhase;
			buildActionMask = 2147483647;
			files = (
			);
			runOnlyForDeploymentPostprocessing = 0;
		};
/* End PBXFrameworksBuildPhase section */

/* Begin PBXGroup section */
		5200C5A71FA13CD00013694B /* Song Lists */ = {
			isa = PBXGroup;
			children = (
				5245103D1F9D55FC003DECC5 /* SongListController.swift */,
				F6EB20B01F9F8E1E00755495 /* SongViewController.swift */,
			);
			path = "Song Lists";
			sourceTree = "<group>";
		};
		5200C5A81FA13CDD0013694B /* Playlists */ = {
			isa = PBXGroup;
			children = (
				5200C5A51FA135DF0013694B /* PlaylistCreatorController.swift */,
				5200C5AD1FA14AD10013694B /* PlaylistViewController.swift */,
				5200C5AF1FA15AEA0013694B /* PlaylistSongViewController.swift */,
				5200C5A91FA13D320013694B /* PlaylistItem.swift */,
				5200C5AB1FA13FA20013694B /* Playlist.swift */,
				52F788391FA2B3D60098AF35 /* PlaylistParser.swift */,
			);
			path = Playlists;
			sourceTree = "<group>";
		};
		524510021F9CF043003DECC5 = {
			isa = PBXGroup;
			children = (
				5245100D1F9CF043003DECC5 /* JMPV1 */,
				5245100C1F9CF043003DECC5 /* Products */,
			);
			sourceTree = "<group>";
		};
		5245100C1F9CF043003DECC5 /* Products */ = {
			isa = PBXGroup;
			children = (
				5245100B1F9CF043003DECC5 /* JMPV1.app */,
			);
			name = Products;
			sourceTree = "<group>";
		};
		5245100D1F9CF043003DECC5 /* JMPV1 */ = {
			isa = PBXGroup;
			children = (
				524510381F9D01C2003DECC5 /* Supporting Files */,
				5245103F1F9D5918003DECC5 /* Main Screen */,
				5200C5A71FA13CD00013694B /* Song Lists */,
				5200C5A81FA13CDD0013694B /* Playlists */,
				524510121F9CF043003DECC5 /* Main.storyboard */,
				5245101A1F9CF043003DECC5 /* Info.plist */,
			);
			path = JMPV1;
			sourceTree = "<group>";
		};
		524510381F9D01C2003DECC5 /* Supporting Files */ = {
			isa = PBXGroup;
			children = (
				5245100E1F9CF043003DECC5 /* AppDelegate.swift */,
				524510171F9CF043003DECC5 /* LaunchScreen.storyboard */,
				5200C5A31FA104AA0013694B /* Media.xcassets */,
			);
			path = "Supporting Files";
			sourceTree = "<group>";
		};
		5245103F1F9D5918003DECC5 /* Main Screen */ = {
			isa = PBXGroup;
			children = (
				524510101F9CF043003DECC5 /* ViewController.swift */,
				5245103B1F9D3D6B003DECC5 /* AlbumCell.swift */,
				52F3A5C51F9FD9F700F7AB40 /* MainScreenViewController.swift */,
			);
			path = "Main Screen";
			sourceTree = "<group>";
		};
/* End PBXGroup section */

/* Begin PBXNativeTarget section */
		5245100A1F9CF043003DECC5 /* JMPV1 */ = {
			isa = PBXNativeTarget;
			buildConfigurationList = 5245101D1F9CF043003DECC5 /* Build configuration list for PBXNativeTarget "JMPV1" */;
			buildPhases = (
				524510071F9CF043003DECC5 /* Sources */,
				524510081F9CF043003DECC5 /* Frameworks */,
				524510091F9CF043003DECC5 /* Resources */,
			);
			buildRules = (
			);
			dependencies = (
			);
			name = JMPV1;
			productName = JMPV1;
			productReference = 5245100B1F9CF043003DECC5 /* JMPV1.app */;
			productType = "com.apple.product-type.application";
		};
/* End PBXNativeTarget section */

/* Begin PBXProject section */
		524510031F9CF043003DECC5 /* Project object */ = {
			isa = PBXProject;
			attributes = {
				LastSwiftUpdateCheck = 0900;
				LastUpgradeCheck = 0900;
				ORGANIZATIONNAME = johnsApps;
				TargetAttributes = {
					5245100A1F9CF043003DECC5 = {
						CreatedOnToolsVersion = 9.0.1;
						ProvisioningStyle = Automatic;
					};
				};
			};
			buildConfigurationList = 524510061F9CF043003DECC5 /* Build configuration list for PBXProject "JMPV1" */;
			compatibilityVersion = "Xcode 8.0";
			developmentRegion = en;
			hasScannedForEncodings = 0;
			knownRegions = (
				en,
				Base,
			);
			mainGroup = 524510021F9CF043003DECC5;
			productRefGroup = 5245100C1F9CF043003DECC5 /* Products */;
			projectDirPath = "";
			projectRoot = "";
			targets = (
				5245100A1F9CF043003DECC5 /* JMPV1 */,
			);
		};
/* End PBXProject section */

/* Begin PBXResourcesBuildPhase section */
		524510091F9CF043003DECC5 /* Resources */ = {
			isa = PBXResourcesBuildPhase;
			buildActionMask = 2147483647;
			files = (
				524510191F9CF043003DECC5 /* LaunchScreen.storyboard in Resources */,
				5200C5A41FA104AA0013694B /* Media.xcassets in Resources */,
				524510141F9CF043003DECC5 /* Main.storyboard in Resources */,
			);
			runOnlyForDeploymentPostprocessing = 0;
		};
/* End PBXResourcesBuildPhase section */

/* Begin PBXSourcesBuildPhase section */
		524510071F9CF043003DECC5 /* Sources */ = {
			isa = PBXSourcesBuildPhase;
			buildActionMask = 2147483647;
			files = (
				524510111F9CF043003DECC5 /* ViewController.swift in Sources */,
				5245100F1F9CF043003DECC5 /* AppDelegate.swift in Sources */,
				5200C5AC1FA13FA20013694B /* Playlist.swift in Sources */,
				F6EB20B11F9F8E1E00755495 /* SongViewController.swift in Sources */,
				5200C5A61FA135DF0013694B /* PlaylistCreatorController.swift in Sources */,
				5245103E1F9D55FC003DECC5 /* SongListController.swift in Sources */,
				5200C5B01FA15AEA0013694B /* PlaylistSongViewController.swift in Sources */,
				5200C5AE1FA14AD10013694B /* PlaylistViewController.swift in Sources */,
				5245103C1F9D3D6B003DECC5 /* AlbumCell.swift in Sources */,
				5200C5AA1FA13D320013694B /* PlaylistItem.swift in Sources */,
				52F7883A1FA2B3D60098AF35 /* PlaylistParser.swift in Sources */,
				52F3A5C61F9FD9F700F7AB40 /* MainScreenViewController.swift in Sources */,
			);
			runOnlyForDeploymentPostprocessing = 0;
		};
/* End PBXSourcesBuildPhase section */

/* Begin PBXVariantGroup section */
		524510121F9CF043003DECC5 /* Main.storyboard */ = {
			isa = PBXVariantGroup;
			children = (
				524510131F9CF043003DECC5 /* Base */,
			);
			name = Main.storyboard;
			sourceTree = "<group>";
		};
		524510171F9CF043003DECC5 /* LaunchScreen.storyboard */ = {
			isa = PBXVariantGroup;
			children = (
				524510181F9CF043003DECC5 /* Base */,
			);
			name = LaunchScreen.storyboard;
			sourceTree = "<group>";
		};
/* End PBXVariantGroup section */

/* Begin XCBuildConfiguration section */
		5245101B1F9CF043003DECC5 /* Debug */ = {
			isa = XCBuildConfiguration;
			buildSettings = {
				ALWAYS_SEARCH_USER_PATHS = NO;
				CLANG_ANALYZER_NONNULL = YES;
				CLANG_ANALYZER_NUMBER_OBJECT_CONVERSION = YES_AGGRESSIVE;
				CLANG_CXX_LANGUAGE_STANDARD = "gnu++14";
				CLANG_CXX_LIBRARY = "libc++";
				CLANG_ENABLE_MODULES = YES;
				CLANG_ENABLE_OBJC_ARC = YES;
				CLANG_WARN_BLOCK_CAPTURE_AUTORELEASING = YES;
				CLANG_WARN_BOOL_CONVERSION = YES;
				CLANG_WARN_COMMA = YES;
				CLANG_WARN_CONSTANT_CONVERSION = YES;
				CLANG_WARN_DIRECT_OBJC_ISA_USAGE = YES_ERROR;
				CLANG_WARN_DOCUMENTATION_COMMENTS = YES;
				CLANG_WARN_EMPTY_BODY = YES;
				CLANG_WARN_ENUM_CONVERSION = YES;
				CLANG_WARN_INFINITE_RECURSION = YES;
				CLANG_WARN_INT_CONVERSION = YES;
				CLANG_WARN_NON_LITERAL_NULL_CONVERSION = YES;
				CLANG_WARN_OBJC_LITERAL_CONVERSION = YES;
				CLANG_WARN_OBJC_ROOT_CLASS = YES_ERROR;
				CLANG_WARN_RANGE_LOOP_ANALYSIS = YES;
				CLANG_WARN_STRICT_PROTOTYPES = YES;
				CLANG_WARN_SUSPICIOUS_MOVE = YES;
				CLANG_WARN_UNGUARDED_AVAILABILITY = YES_AGGRESSIVE;
				CLANG_WARN_UNREACHABLE_CODE = YES;
				CLANG_WARN__DUPLICATE_METHOD_MATCH = YES;
				CODE_SIGN_IDENTITY = "iPhone Developer";
				COPY_PHASE_STRIP = NO;
				DEBUG_INFORMATION_FORMAT = dwarf;
				ENABLE_STRICT_OBJC_MSGSEND = YES;
				ENABLE_TESTABILITY = YES;
				GCC_C_LANGUAGE_STANDARD = gnu11;
				GCC_DYNAMIC_NO_PIC = NO;
				GCC_NO_COMMON_BLOCKS = YES;
				GCC_OPTIMIZATION_LEVEL = 0;
				GCC_PREPROCESSOR_DEFINITIONS = (
					"DEBUG=1",
					"$(inherited)",
				);
				GCC_WARN_64_TO_32_BIT_CONVERSION = YES;
				GCC_WARN_ABOUT_RETURN_TYPE = YES_ERROR;
				GCC_WARN_UNDECLARED_SELECTOR = YES;
				GCC_WARN_UNINITIALIZED_AUTOS = YES_AGGRESSIVE;
				GCC_WARN_UNUSED_FUNCTION = YES;
				GCC_WARN_UNUSED_VARIABLE = YES;
				IPHONEOS_DEPLOYMENT_TARGET = 11.0;
				MTL_ENABLE_DEBUG_INFO = YES;
				ONLY_ACTIVE_ARCH = YES;
				SDKROOT = iphoneos;
				SWIFT_ACTIVE_COMPILATION_CONDITIONS = DEBUG;
				SWIFT_OPTIMIZATION_LEVEL = "-Onone";
			};
			name = Debug;
		};
		5245101C1F9CF043003DECC5 /* Release */ = {
			isa = XCBuildConfiguration;
			buildSettings = {
				ALWAYS_SEARCH_USER_PATHS = NO;
				CLANG_ANALYZER_NONNULL = YES;
				CLANG_ANALYZER_NUMBER_OBJECT_CONVERSION = YES_AGGRESSIVE;
				CLANG_CXX_LANGUAGE_STANDARD = "gnu++14";
				CLANG_CXX_LIBRARY = "libc++";
				CLANG_ENABLE_MODULES = YES;
				CLANG_ENABLE_OBJC_ARC = YES;
				CLANG_WARN_BLOCK_CAPTURE_AUTORELEASING = YES;
				CLANG_WARN_BOOL_CONVERSION = YES;
				CLANG_WARN_COMMA = YES;
				CLANG_WARN_CONSTANT_CONVERSION = YES;
				CLANG_WARN_DIRECT_OBJC_ISA_USAGE = YES_ERROR;
				CLANG_WARN_DOCUMENTATION_COMMENTS = YES;
				CLANG_WARN_EMPTY_BODY = YES;
				CLANG_WARN_ENUM_CONVERSION = YES;
				CLANG_WARN_INFINITE_RECURSION = YES;
				CLANG_WARN_INT_CONVERSION = YES;
				CLANG_WARN_NON_LITERAL_NULL_CONVERSION = YES;
				CLANG_WARN_OBJC_LITERAL_CONVERSION = YES;
				CLANG_WARN_OBJC_ROOT_CLASS = YES_ERROR;
				CLANG_WARN_RANGE_LOOP_ANALYSIS = YES;
				CLANG_WARN_STRICT_PROTOTYPES = YES;
				CLANG_WARN_SUSPICIOUS_MOVE = YES;
				CLANG_WARN_UNGUARDED_AVAILABILITY = YES_AGGRESSIVE;
				CLANG_WARN_UNREACHABLE_CODE = YES;
				CLANG_WARN__DUPLICATE_METHOD_MATCH = YES;
				CODE_SIGN_IDENTITY = "iPhone Developer";
				COPY_PHASE_STRIP = NO;
				DEBUG_INFORMATION_FORMAT = "dwarf-with-dsym";
				ENABLE_NS_ASSERTIONS = NO;
				ENABLE_STRICT_OBJC_MSGSEND = YES;
				GCC_C_LANGUAGE_STANDARD = gnu11;
				GCC_NO_COMMON_BLOCKS = YES;
				GCC_WARN_64_TO_32_BIT_CONVERSION = YES;
				GCC_WARN_ABOUT_RETURN_TYPE = YES_ERROR;
				GCC_WARN_UNDECLARED_SELECTOR = YES;
				GCC_WARN_UNINITIALIZED_AUTOS = YES_AGGRESSIVE;
				GCC_WARN_UNUSED_FUNCTION = YES;
				GCC_WARN_UNUSED_VARIABLE = YES;
				IPHONEOS_DEPLOYMENT_TARGET = 11.0;
				MTL_ENABLE_DEBUG_INFO = NO;
				SDKROOT = iphoneos;
				SWIFT_OPTIMIZATION_LEVEL = "-Owholemodule";
				VALIDATE_PRODUCT = YES;
			};
			name = Release;
		};
		5245101E1F9CF043003DECC5 /* Debug */ = {
			isa = XCBuildConfiguration;
			buildSettings = {
				"CODE_SIGN_IDENTITY[sdk=iphoneos*]" = "iPhone Developer";
				CODE_SIGN_STYLE = Automatic;
				DEVELOPMENT_TEAM = N376FXKYC8;
				INFOPLIST_FILE = JMPV1/Info.plist;
				IPHONEOS_DEPLOYMENT_TARGET = 9.3;
				LD_RUNPATH_SEARCH_PATHS = "$(inherited) @executable_path/Frameworks";
				PRODUCT_BUNDLE_IDENTIFIER = com.johnsapps.app.JMPV1;
				PRODUCT_NAME = "$(TARGET_NAME)";
				PROVISIONING_PROFILE_SPECIFIER = "";
				SWIFT_VERSION = 4.0;
				TARGETED_DEVICE_FAMILY = "1,2";
			};
			name = Debug;
		};
		5245101F1F9CF043003DECC5 /* Release */ = {
			isa = XCBuildConfiguration;
			buildSettings = {
				"CODE_SIGN_IDENTITY[sdk=iphoneos*]" = "iPhone Developer";
				CODE_SIGN_STYLE = Automatic;
				DEVELOPMENT_TEAM = N376FXKYC8;
				INFOPLIST_FILE = JMPV1/Info.plist;
				IPHONEOS_DEPLOYMENT_TARGET = 9.3;
				LD_RUNPATH_SEARCH_PATHS = "$(inherited) @executable_path/Frameworks";
				PRODUCT_BUNDLE_IDENTIFIER = com.johnsapps.app.JMPV1;
				PRODUCT_NAME = "$(TARGET_NAME)";
				PROVISIONING_PROFILE_SPECIFIER = "";
				SWIFT_VERSION = 4.0;
				TARGETED_DEVICE_FAMILY = "1,2";
			};
			name = Release;
		};
/* End XCBuildConfiguration section */

/* Begin XCConfigurationList section */
		524510061F9CF043003DECC5 /* Build configuration list for PBXProject "JMPV1" */ = {
			isa = XCConfigurationList;
			buildConfigurations = (
				5245101B1F9CF043003DECC5 /* Debug */,
				5245101C1F9CF043003DECC5 /* Release */,
			);
			defaultConfigurationIsVisible = 0;
			defaultConfigurationName = Release;
		};
		5245101D1F9CF043003DECC5 /* Build configuration list for PBXNativeTarget "JMPV1" */ = {
			isa = XCConfigurationList;
			buildConfigurations = (
				5245101E1F9CF043003DECC5 /* Debug */,
				5245101F1F9CF043003DECC5 /* Release */,
			);
			defaultConfigurationIsVisible = 0;
			defaultConfigurationName = Release;
		};
/* End XCConfigurationList section */
	};
	rootObject = 524510031F9CF043003DECC5 /* Project object */;
}
